// !$*UTF8*$!
{
	archiveVersion = 1;
	classes = {
	};
	objectVersion = 50;
	objects = {

/* Begin PBXBuildFile section */
		602469E223515D2900721E53 /* HexagonParameters.swift in Sources */ = {isa = PBXBuildFile; fileRef = 602469E123515D2900721E53 /* HexagonParameters.swift */; };
		60270697234E8369002C4F6E /* AppDelegate.swift in Sources */ = {isa = PBXBuildFile; fileRef = 60270696234E8369002C4F6E /* AppDelegate.swift */; };
		60270699234E8369002C4F6E /* SceneDelegate.swift in Sources */ = {isa = PBXBuildFile; fileRef = 60270698234E8369002C4F6E /* SceneDelegate.swift */; };
		6027069D234E836B002C4F6E /* Assets.xcassets in Resources */ = {isa = PBXBuildFile; fileRef = 6027069C234E836B002C4F6E /* Assets.xcassets */; };
		602706A0234E836B002C4F6E /* Preview Assets.xcassets in Resources */ = {isa = PBXBuildFile; fileRef = 6027069F234E836B002C4F6E /* Preview Assets.xcassets */; };
		602706A3234E836B002C4F6E /* LaunchScreen.storyboard in Resources */ = {isa = PBXBuildFile; fileRef = 602706A1234E836B002C4F6E /* LaunchScreen.storyboard */; };
		602706AE234E836B002C4F6E /* LandmarksTests.swift in Sources */ = {isa = PBXBuildFile; fileRef = 602706AD234E836B002C4F6E /* LandmarksTests.swift */; };
		602706B9234E836B002C4F6E /* LandmarksUITests.swift in Sources */ = {isa = PBXBuildFile; fileRef = 602706B8234E836B002C4F6E /* LandmarksUITests.swift */; };
		6029AC3D234EB58C00BF4F6E /* CircleImage.swift in Sources */ = {isa = PBXBuildFile; fileRef = 6029AC3C234EB58C00BF4F6E /* CircleImage.swift */; };
		6029AC3F234EB71F00BF4F6E /* MapView.swift in Sources */ = {isa = PBXBuildFile; fileRef = 6029AC3E234EB71F00BF4F6E /* MapView.swift */; };
		6044820F23516F6D00D68A7D /* BadgeBackground.swift in Sources */ = {isa = PBXBuildFile; fileRef = 6044820E23516F6D00D68A7D /* BadgeBackground.swift */; };
		604482142351708600D68A7D /* BadgeSymbol.swift in Sources */ = {isa = PBXBuildFile; fileRef = 604482132351708600D68A7D /* BadgeSymbol.swift */; };
		604482162351721000D68A7D /* RotatedBadgeSymbol.swift in Sources */ = {isa = PBXBuildFile; fileRef = 604482152351721000D68A7D /* RotatedBadgeSymbol.swift */; };
		6044821B2351760D00D68A7D /* HikeView.swift in Sources */ = {isa = PBXBuildFile; fileRef = 604482172351760D00D68A7D /* HikeView.swift */; };
		6044821C2351760D00D68A7D /* HikeGraph.swift in Sources */ = {isa = PBXBuildFile; fileRef = 604482182351760D00D68A7D /* HikeGraph.swift */; };
		6044821D2351760D00D68A7D /* HikeDetail.swift in Sources */ = {isa = PBXBuildFile; fileRef = 604482192351760D00D68A7D /* HikeDetail.swift */; };
		6044821E2351760D00D68A7D /* GraphCapsule.swift in Sources */ = {isa = PBXBuildFile; fileRef = 6044821A2351760D00D68A7D /* GraphCapsule.swift */; };
		604482202351761A00D68A7D /* Hike.swift in Sources */ = {isa = PBXBuildFile; fileRef = 6044821F2351761A00D68A7D /* Hike.swift */; };
		604482262351786000D68A7D /* hikeData.json in Resources */ = {isa = PBXBuildFile; fileRef = 604482252351786000D68A7D /* hikeData.json */; };
		60448228235178C100D68A7D /* Landmark.swift in Sources */ = {isa = PBXBuildFile; fileRef = 60448227235178C100D68A7D /* Landmark.swift */; };
		60AFF35B235112E800DA94DC /* Badge.swift in Sources */ = {isa = PBXBuildFile; fileRef = 60AFF35A235112E800DA94DC /* Badge.swift */; };
		60DBA8CE234EC2C400084B37 /* LandmarkDetail.swift in Sources */ = {isa = PBXBuildFile; fileRef = 60DBA8CD234EC2C400084B37 /* LandmarkDetail.swift */; };
		60DBA912234EC4BA00084B37 /* Data.swift in Sources */ = {isa = PBXBuildFile; fileRef = 60DBA910234EC4B900084B37 /* Data.swift */; };
		60DBA917234FDBE700084B37 /* LandmarkRow.swift in Sources */ = {isa = PBXBuildFile; fileRef = 60DBA916234FDBE700084B37 /* LandmarkRow.swift */; };
		60DBA919234FE09E00084B37 /* LandmarkList.swift in Sources */ = {isa = PBXBuildFile; fileRef = 60DBA918234FE09E00084B37 /* LandmarkList.swift */; };
		60E8552E2350036F0088C977 /* landmarkData.json in Resources */ = {isa = PBXBuildFile; fileRef = 60E855212350036E0088C977 /* landmarkData.json */; };
		60E8552F2350036F0088C977 /* silversalmoncreek.jpg in Resources */ = {isa = PBXBuildFile; fileRef = 60E855222350036E0088C977 /* silversalmoncreek.jpg */; };
		60E855302350036F0088C977 /* chincoteague.jpg in Resources */ = {isa = PBXBuildFile; fileRef = 60E855232350036E0088C977 /* chincoteague.jpg */; };
		60E855312350036F0088C977 /* twinlake.jpg in Resources */ = {isa = PBXBuildFile; fileRef = 60E855242350036E0088C977 /* twinlake.jpg */; };
		60E855322350036F0088C977 /* icybay.jpg in Resources */ = {isa = PBXBuildFile; fileRef = 60E855252350036E0088C977 /* icybay.jpg */; };
		60E855332350036F0088C977 /* turtlerock.jpg in Resources */ = {isa = PBXBuildFile; fileRef = 60E855262350036E0088C977 /* turtlerock.jpg */; };
		60E855342350036F0088C977 /* stmarylake.jpg in Resources */ = {isa = PBXBuildFile; fileRef = 60E855272350036E0088C977 /* stmarylake.jpg */; };
		60E855352350036F0088C977 /* chilkoottrail.jpg in Resources */ = {isa = PBXBuildFile; fileRef = 60E855282350036E0088C977 /* chilkoottrail.jpg */; };
		60E855362350036F0088C977 /* lakemcdonald.jpg in Resources */ = {isa = PBXBuildFile; fileRef = 60E855292350036F0088C977 /* lakemcdonald.jpg */; };
		60E855372350036F0088C977 /* rainbowlake.jpg in Resources */ = {isa = PBXBuildFile; fileRef = 60E8552A2350036F0088C977 /* rainbowlake.jpg */; };
		60E855382350036F0088C977 /* charleyrivers.jpg in Resources */ = {isa = PBXBuildFile; fileRef = 60E8552B2350036F0088C977 /* charleyrivers.jpg */; };
		60E855392350036F0088C977 /* umbagog.jpg in Resources */ = {isa = PBXBuildFile; fileRef = 60E8552C2350036F0088C977 /* umbagog.jpg */; };
		60E8553A2350036F0088C977 /* hiddenlake.jpg in Resources */ = {isa = PBXBuildFile; fileRef = 60E8552D2350036F0088C977 /* hiddenlake.jpg */; };
		60E8553D2350070B0088C977 /* UserData.swift in Sources */ = {isa = PBXBuildFile; fileRef = 60E8553C2350070B0088C977 /* UserData.swift */; };
/* End PBXBuildFile section */

/* Begin PBXContainerItemProxy section */
		602706AA234E836B002C4F6E /* PBXContainerItemProxy */ = {
			isa = PBXContainerItemProxy;
			containerPortal = 6027068B234E8369002C4F6E /* Project object */;
			proxyType = 1;
			remoteGlobalIDString = 60270692234E8369002C4F6E;
			remoteInfo = Landmarks;
		};
		602706B5234E836B002C4F6E /* PBXContainerItemProxy */ = {
			isa = PBXContainerItemProxy;
			containerPortal = 6027068B234E8369002C4F6E /* Project object */;
			proxyType = 1;
			remoteGlobalIDString = 60270692234E8369002C4F6E;
			remoteInfo = Landmarks;
		};
/* End PBXContainerItemProxy section */

/* Begin PBXFileReference section */
		602469E123515D2900721E53 /* HexagonParameters.swift */ = {isa = PBXFileReference; fileEncoding = 4; lastKnownFileType = sourcecode.swift; path = HexagonParameters.swift; sourceTree = "<group>"; };
		60270693234E8369002C4F6E /* Landmarks.app */ = {isa = PBXFileReference; explicitFileType = wrapper.application; includeInIndex = 0; path = Landmarks.app; sourceTree = BUILT_PRODUCTS_DIR; };
		60270696234E8369002C4F6E /* AppDelegate.swift */ = {isa = PBXFileReference; lastKnownFileType = sourcecode.swift; path = AppDelegate.swift; sourceTree = "<group>"; };
		60270698234E8369002C4F6E /* SceneDelegate.swift */ = {isa = PBXFileReference; lastKnownFileType = sourcecode.swift; path = SceneDelegate.swift; sourceTree = "<group>"; };
		6027069C234E836B002C4F6E /* Assets.xcassets */ = {isa = PBXFileReference; lastKnownFileType = folder.assetcatalog; path = Assets.xcassets; sourceTree = "<group>"; };
		6027069F234E836B002C4F6E /* Preview Assets.xcassets */ = {isa = PBXFileReference; lastKnownFileType = folder.assetcatalog; path = "Preview Assets.xcassets"; sourceTree = "<group>"; };
		602706A2234E836B002C4F6E /* Base */ = {isa = PBXFileReference; lastKnownFileType = file.storyboard; name = Base; path = Base.lproj/LaunchScreen.storyboard; sourceTree = "<group>"; };
		602706A4234E836B002C4F6E /* Info.plist */ = {isa = PBXFileReference; lastKnownFileType = text.plist.xml; path = Info.plist; sourceTree = "<group>"; };
		602706A9234E836B002C4F6E /* LandmarksTests.xctest */ = {isa = PBXFileReference; explicitFileType = wrapper.cfbundle; includeInIndex = 0; path = LandmarksTests.xctest; sourceTree = BUILT_PRODUCTS_DIR; };
		602706AD234E836B002C4F6E /* LandmarksTests.swift */ = {isa = PBXFileReference; lastKnownFileType = sourcecode.swift; path = LandmarksTests.swift; sourceTree = "<group>"; };
		602706AF234E836B002C4F6E /* Info.plist */ = {isa = PBXFileReference; lastKnownFileType = text.plist.xml; path = Info.plist; sourceTree = "<group>"; };
		602706B4234E836B002C4F6E /* LandmarksUITests.xctest */ = {isa = PBXFileReference; explicitFileType = wrapper.cfbundle; includeInIndex = 0; path = LandmarksUITests.xctest; sourceTree = BUILT_PRODUCTS_DIR; };
		602706B8234E836B002C4F6E /* LandmarksUITests.swift */ = {isa = PBXFileReference; lastKnownFileType = sourcecode.swift; path = LandmarksUITests.swift; sourceTree = "<group>"; };
		602706BA234E836B002C4F6E /* Info.plist */ = {isa = PBXFileReference; lastKnownFileType = text.plist.xml; path = Info.plist; sourceTree = "<group>"; };
		6029AC3C234EB58C00BF4F6E /* CircleImage.swift */ = {isa = PBXFileReference; lastKnownFileType = sourcecode.swift; path = CircleImage.swift; sourceTree = "<group>"; };
		6029AC3E234EB71F00BF4F6E /* MapView.swift */ = {isa = PBXFileReference; lastKnownFileType = sourcecode.swift; path = MapView.swift; sourceTree = "<group>"; };
		6044820E23516F6D00D68A7D /* BadgeBackground.swift */ = {isa = PBXFileReference; lastKnownFileType = sourcecode.swift; path = BadgeBackground.swift; sourceTree = "<group>"; };
		604482132351708600D68A7D /* BadgeSymbol.swift */ = {isa = PBXFileReference; lastKnownFileType = sourcecode.swift; path = BadgeSymbol.swift; sourceTree = "<group>"; };
		604482152351721000D68A7D /* RotatedBadgeSymbol.swift */ = {isa = PBXFileReference; lastKnownFileType = sourcecode.swift; path = RotatedBadgeSymbol.swift; sourceTree = "<group>"; };
		604482172351760D00D68A7D /* HikeView.swift */ = {isa = PBXFileReference; fileEncoding = 4; lastKnownFileType = sourcecode.swift; path = HikeView.swift; sourceTree = "<group>"; };
		604482182351760D00D68A7D /* HikeGraph.swift */ = {isa = PBXFileReference; fileEncoding = 4; lastKnownFileType = sourcecode.swift; path = HikeGraph.swift; sourceTree = "<group>"; };
		604482192351760D00D68A7D /* HikeDetail.swift */ = {isa = PBXFileReference; fileEncoding = 4; lastKnownFileType = sourcecode.swift; path = HikeDetail.swift; sourceTree = "<group>"; };
		6044821A2351760D00D68A7D /* GraphCapsule.swift */ = {isa = PBXFileReference; fileEncoding = 4; lastKnownFileType = sourcecode.swift; path = GraphCapsule.swift; sourceTree = "<group>"; };
		6044821F2351761A00D68A7D /* Hike.swift */ = {isa = PBXFileReference; fileEncoding = 4; lastKnownFileType = sourcecode.swift; name = Hike.swift; path = /Users/jeremyfleshman/dev/Landmarks/Landmarks/Models/Hike.swift; sourceTree = "<absolute>"; };
		604482252351786000D68A7D /* hikeData.json */ = {isa = PBXFileReference; fileEncoding = 4; lastKnownFileType = text.json; path = hikeData.json; sourceTree = "<group>"; };
		60448227235178C100D68A7D /* Landmark.swift */ = {isa = PBXFileReference; fileEncoding = 4; lastKnownFileType = sourcecode.swift; path = Landmark.swift; sourceTree = "<group>"; };
		60AFF35A235112E800DA94DC /* Badge.swift */ = {isa = PBXFileReference; lastKnownFileType = sourcecode.swift; path = Badge.swift; sourceTree = "<group>"; };
		60DBA8CD234EC2C400084B37 /* LandmarkDetail.swift */ = {isa = PBXFileReference; fileEncoding = 4; lastKnownFileType = sourcecode.swift; path = LandmarkDetail.swift; sourceTree = "<group>"; };
		60DBA910234EC4B900084B37 /* Data.swift */ = {isa = PBXFileReference; fileEncoding = 4; lastKnownFileType = sourcecode.swift; path = Data.swift; sourceTree = "<group>"; };
		60DBA916234FDBE700084B37 /* LandmarkRow.swift */ = {isa = PBXFileReference; lastKnownFileType = sourcecode.swift; path = LandmarkRow.swift; sourceTree = "<group>"; };
		60DBA918234FE09E00084B37 /* LandmarkList.swift */ = {isa = PBXFileReference; lastKnownFileType = sourcecode.swift; path = LandmarkList.swift; sourceTree = "<group>"; };
		60E855212350036E0088C977 /* landmarkData.json */ = {isa = PBXFileReference; fileEncoding = 4; lastKnownFileType = text.json; path = landmarkData.json; sourceTree = "<group>"; };
		60E855222350036E0088C977 /* silversalmoncreek.jpg */ = {isa = PBXFileReference; lastKnownFileType = image.jpeg; path = silversalmoncreek.jpg; sourceTree = "<group>"; };
		60E855232350036E0088C977 /* chincoteague.jpg */ = {isa = PBXFileReference; lastKnownFileType = image.jpeg; path = chincoteague.jpg; sourceTree = "<group>"; };
		60E855242350036E0088C977 /* twinlake.jpg */ = {isa = PBXFileReference; lastKnownFileType = image.jpeg; path = twinlake.jpg; sourceTree = "<group>"; };
		60E855252350036E0088C977 /* icybay.jpg */ = {isa = PBXFileReference; lastKnownFileType = image.jpeg; path = icybay.jpg; sourceTree = "<group>"; };
		60E855262350036E0088C977 /* turtlerock.jpg */ = {isa = PBXFileReference; lastKnownFileType = image.jpeg; path = turtlerock.jpg; sourceTree = "<group>"; };
		60E855272350036E0088C977 /* stmarylake.jpg */ = {isa = PBXFileReference; lastKnownFileType = image.jpeg; path = stmarylake.jpg; sourceTree = "<group>"; };
		60E855282350036E0088C977 /* chilkoottrail.jpg */ = {isa = PBXFileReference; lastKnownFileType = image.jpeg; path = chilkoottrail.jpg; sourceTree = "<group>"; };
		60E855292350036F0088C977 /* lakemcdonald.jpg */ = {isa = PBXFileReference; lastKnownFileType = image.jpeg; path = lakemcdonald.jpg; sourceTree = "<group>"; };
		60E8552A2350036F0088C977 /* rainbowlake.jpg */ = {isa = PBXFileReference; lastKnownFileType = image.jpeg; path = rainbowlake.jpg; sourceTree = "<group>"; };
		60E8552B2350036F0088C977 /* charleyrivers.jpg */ = {isa = PBXFileReference; lastKnownFileType = image.jpeg; path = charleyrivers.jpg; sourceTree = "<group>"; };
		60E8552C2350036F0088C977 /* umbagog.jpg */ = {isa = PBXFileReference; lastKnownFileType = image.jpeg; path = umbagog.jpg; sourceTree = "<group>"; };
		60E8552D2350036F0088C977 /* hiddenlake.jpg */ = {isa = PBXFileReference; lastKnownFileType = image.jpeg; path = hiddenlake.jpg; sourceTree = "<group>"; };
		60E8553C2350070B0088C977 /* UserData.swift */ = {isa = PBXFileReference; lastKnownFileType = sourcecode.swift; name = UserData.swift; path = /Users/jeremyfleshman/dev/Landmarks/Landmarks/Models/UserData.swift; sourceTree = "<absolute>"; };
/* End PBXFileReference section */

/* Begin PBXFrameworksBuildPhase section */
		60270690234E8369002C4F6E /* Frameworks */ = {
			isa = PBXFrameworksBuildPhase;
			buildActionMask = 2147483647;
			files = (
			);
			runOnlyForDeploymentPostprocessing = 0;
		};
		602706A6234E836B002C4F6E /* Frameworks */ = {
			isa = PBXFrameworksBuildPhase;
			buildActionMask = 2147483647;
			files = (
			);
			runOnlyForDeploymentPostprocessing = 0;
		};
		602706B1234E836B002C4F6E /* Frameworks */ = {
			isa = PBXFrameworksBuildPhase;
			buildActionMask = 2147483647;
			files = (
			);
			runOnlyForDeploymentPostprocessing = 0;
		};
/* End PBXFrameworksBuildPhase section */

/* Begin PBXGroup section */
		6027068A234E8369002C4F6E = {
			isa = PBXGroup;
			children = (
				60270695234E8369002C4F6E /* Landmarks */,
				602706AC234E836B002C4F6E /* LandmarksTests */,
				602706B7234E836B002C4F6E /* LandmarksUITests */,
				60270694234E8369002C4F6E /* Products */,
			);
			sourceTree = "<group>";
		};
		60270694234E8369002C4F6E /* Products */ = {
			isa = PBXGroup;
			children = (
				60270693234E8369002C4F6E /* Landmarks.app */,
				602706A9234E836B002C4F6E /* LandmarksTests.xctest */,
				602706B4234E836B002C4F6E /* LandmarksUITests.xctest */,
			);
			name = Products;
			sourceTree = "<group>";
		};
		60270695234E8369002C4F6E /* Landmarks */ = {
			isa = PBXGroup;
			children = (
				60270696234E8369002C4F6E /* AppDelegate.swift */,
				6027069C234E836B002C4F6E /* Assets.xcassets */,
				602706A4234E836B002C4F6E /* Info.plist */,
				602706A1234E836B002C4F6E /* LaunchScreen.storyboard */,
				60DBA8F3234EC47900084B37 /* Models */,
				6027069E234E836B002C4F6E /* Preview Content */,
				60DBA8F2234EC46D00084B37 /* Resources */,
				60270698234E8369002C4F6E /* SceneDelegate.swift */,
				6029AC3A234EB4E200BF4F6E /* Views */,
			);
			path = Landmarks;
			sourceTree = "<group>";
		};
		6027069E234E836B002C4F6E /* Preview Content */ = {
			isa = PBXGroup;
			children = (
				6027069F234E836B002C4F6E /* Preview Assets.xcassets */,
			);
			path = "Preview Content";
			sourceTree = "<group>";
		};
		602706AC234E836B002C4F6E /* LandmarksTests */ = {
			isa = PBXGroup;
			children = (
				602706AD234E836B002C4F6E /* LandmarksTests.swift */,
				602706AF234E836B002C4F6E /* Info.plist */,
			);
			path = LandmarksTests;
			sourceTree = "<group>";
		};
		602706B7234E836B002C4F6E /* LandmarksUITests */ = {
			isa = PBXGroup;
			children = (
				602706B8234E836B002C4F6E /* LandmarksUITests.swift */,
				602706BA234E836B002C4F6E /* Info.plist */,
			);
			path = LandmarksUITests;
			sourceTree = "<group>";
		};
		6029AC3A234EB4E200BF4F6E /* Views */ = {
			isa = PBXGroup;
			children = (
				604482192351760D00D68A7D /* HikeDetail.swift */,
				604482172351760D00D68A7D /* HikeView.swift */,
				6029AC3B234EB55700BF4F6E /* SubViews */,
				60DBA8CD234EC2C400084B37 /* LandmarkDetail.swift */,
				60DBA918234FE09E00084B37 /* LandmarkList.swift */,
			);
			path = Views;
			sourceTree = "<group>";
		};
		6029AC3B234EB55700BF4F6E /* SubViews */ = {
			isa = PBXGroup;
			children = (
				604482292351791100D68A7D /* Hike */,
				604482122351701C00D68A7D /* ListView */,
				6044821123516FFB00D68A7D /* DetailView */,
				6044821023516FEC00D68A7D /* Badge */,
			);
			path = SubViews;
			sourceTree = "<group>";
		};
		6044821023516FEC00D68A7D /* Badge */ = {
			isa = PBXGroup;
			children = (
				602469E123515D2900721E53 /* HexagonParameters.swift */,
				6044820E23516F6D00D68A7D /* BadgeBackground.swift */,
				60AFF35A235112E800DA94DC /* Badge.swift */,
				604482132351708600D68A7D /* BadgeSymbol.swift */,
				604482152351721000D68A7D /* RotatedBadgeSymbol.swift */,
			);
			path = Badge;
			sourceTree = "<group>";
		};
		6044821123516FFB00D68A7D /* DetailView */ = {
			isa = PBXGroup;
			children = (
				6029AC3E234EB71F00BF4F6E /* MapView.swift */,
				6029AC3C234EB58C00BF4F6E /* CircleImage.swift */,
			);
			path = DetailView;
			sourceTree = "<group>";
		};
		604482122351701C00D68A7D /* ListView */ = {
			isa = PBXGroup;
			children = (
				60DBA916234FDBE700084B37 /* LandmarkRow.swift */,
			);
			path = ListView;
			sourceTree = "<group>";
		};
		604482232351770900D68A7D /* json */ = {
			isa = PBXGroup;
			children = (
				604482252351786000D68A7D /* hikeData.json */,
				60E855212350036E0088C977 /* landmarkData.json */,
			);
			path = json;
			sourceTree = "<group>";
		};
		604482242351771500D68A7D /* images */ = {
			isa = PBXGroup;
			children = (
				60E8552B2350036F0088C977 /* charleyrivers.jpg */,
				60E855282350036E0088C977 /* chilkoottrail.jpg */,
				60E855232350036E0088C977 /* chincoteague.jpg */,
				60E8552D2350036F0088C977 /* hiddenlake.jpg */,
				60E855252350036E0088C977 /* icybay.jpg */,
				60E855292350036F0088C977 /* lakemcdonald.jpg */,
				60E8552A2350036F0088C977 /* rainbowlake.jpg */,
				60E855222350036E0088C977 /* silversalmoncreek.jpg */,
				60E855272350036E0088C977 /* stmarylake.jpg */,
				60E855262350036E0088C977 /* turtlerock.jpg */,
				60E855242350036E0088C977 /* twinlake.jpg */,
				60E8552C2350036F0088C977 /* umbagog.jpg */,
			);
			path = images;
			sourceTree = "<group>";
		};
		604482292351791100D68A7D /* Hike */ = {
			isa = PBXGroup;
			children = (
				6044821A2351760D00D68A7D /* GraphCapsule.swift */,
				604482182351760D00D68A7D /* HikeGraph.swift */,
			);
			path = Hike;
			sourceTree = "<group>";
		};
		60DBA8F2234EC46D00084B37 /* Resources */ = {
			isa = PBXGroup;
			children = (
				604482242351771500D68A7D /* images */,
				604482232351770900D68A7D /* json */,
			);
			path = Resources;
			sourceTree = "<group>";
		};
		60DBA8F3234EC47900084B37 /* Models */ = {
			isa = PBXGroup;
			children = (
				60448227235178C100D68A7D /* Landmark.swift */,
				6044821F2351761A00D68A7D /* Hike.swift */,
				60DBA910234EC4B900084B37 /* Data.swift */,
				60E8553C2350070B0088C977 /* UserData.swift */,
			);
			path = Models;
			sourceTree = "<group>";
		};
/* End PBXGroup section */

/* Begin PBXNativeTarget section */
		60270692234E8369002C4F6E /* Landmarks */ = {
			isa = PBXNativeTarget;
			buildConfigurationList = 602706BD234E836B002C4F6E /* Build configuration list for PBXNativeTarget "Landmarks" */;
			buildPhases = (
				6027068F234E8369002C4F6E /* Sources */,
				60270690234E8369002C4F6E /* Frameworks */,
				60270691234E8369002C4F6E /* Resources */,
			);
			buildRules = (
			);
			dependencies = (
			);
			name = Landmarks;
			productName = Landmarks;
			productReference = 60270693234E8369002C4F6E /* Landmarks.app */;
			productType = "com.apple.product-type.application";
		};
		602706A8234E836B002C4F6E /* LandmarksTests */ = {
			isa = PBXNativeTarget;
			buildConfigurationList = 602706C0234E836B002C4F6E /* Build configuration list for PBXNativeTarget "LandmarksTests" */;
			buildPhases = (
				602706A5234E836B002C4F6E /* Sources */,
				602706A6234E836B002C4F6E /* Frameworks */,
				602706A7234E836B002C4F6E /* Resources */,
			);
			buildRules = (
			);
			dependencies = (
				602706AB234E836B002C4F6E /* PBXTargetDependency */,
			);
			name = LandmarksTests;
			productName = LandmarksTests;
			productReference = 602706A9234E836B002C4F6E /* LandmarksTests.xctest */;
			productType = "com.apple.product-type.bundle.unit-test";
		};
		602706B3234E836B002C4F6E /* LandmarksUITests */ = {
			isa = PBXNativeTarget;
			buildConfigurationList = 602706C3234E836B002C4F6E /* Build configuration list for PBXNativeTarget "LandmarksUITests" */;
			buildPhases = (
				602706B0234E836B002C4F6E /* Sources */,
				602706B1234E836B002C4F6E /* Frameworks */,
				602706B2234E836B002C4F6E /* Resources */,
			);
			buildRules = (
			);
			dependencies = (
				602706B6234E836B002C4F6E /* PBXTargetDependency */,
			);
			name = LandmarksUITests;
			productName = LandmarksUITests;
			productReference = 602706B4234E836B002C4F6E /* LandmarksUITests.xctest */;
			productType = "com.apple.product-type.bundle.ui-testing";
		};
/* End PBXNativeTarget section */

/* Begin PBXProject section */
		6027068B234E8369002C4F6E /* Project object */ = {
			isa = PBXProject;
			attributes = {
				LastSwiftUpdateCheck = 1110;
				LastUpgradeCheck = 1110;
				ORGANIZATIONNAME = "Jeremy Fleshman";
				TargetAttributes = {
					60270692234E8369002C4F6E = {
						CreatedOnToolsVersion = 11.1;
					};
					602706A8234E836B002C4F6E = {
						CreatedOnToolsVersion = 11.1;
						TestTargetID = 60270692234E8369002C4F6E;
					};
					602706B3234E836B002C4F6E = {
						CreatedOnToolsVersion = 11.1;
						TestTargetID = 60270692234E8369002C4F6E;
					};
				};
			};
			buildConfigurationList = 6027068E234E8369002C4F6E /* Build configuration list for PBXProject "Landmarks" */;
			compatibilityVersion = "Xcode 9.3";
			developmentRegion = en;
			hasScannedForEncodings = 0;
			knownRegions = (
				en,
				Base,
			);
			mainGroup = 6027068A234E8369002C4F6E;
			productRefGroup = 60270694234E8369002C4F6E /* Products */;
			projectDirPath = "";
			projectRoot = "";
			targets = (
				60270692234E8369002C4F6E /* Landmarks */,
				602706A8234E836B002C4F6E /* LandmarksTests */,
				602706B3234E836B002C4F6E /* LandmarksUITests */,
			);
		};
/* End PBXProject section */

/* Begin PBXResourcesBuildPhase section */
		60270691234E8369002C4F6E /* Resources */ = {
			isa = PBXResourcesBuildPhase;
			buildActionMask = 2147483647;
			files = (
				60E855302350036F0088C977 /* chincoteague.jpg in Resources */,
				60E8552F2350036F0088C977 /* silversalmoncreek.jpg in Resources */,
				604482262351786000D68A7D /* hikeData.json in Resources */,
				60E855332350036F0088C977 /* turtlerock.jpg in Resources */,
				60E855322350036F0088C977 /* icybay.jpg in Resources */,
				602706A3234E836B002C4F6E /* LaunchScreen.storyboard in Resources */,
				60E855372350036F0088C977 /* rainbowlake.jpg in Resources */,
				60E8553A2350036F0088C977 /* hiddenlake.jpg in Resources */,
				60E8552E2350036F0088C977 /* landmarkData.json in Resources */,
				60E855382350036F0088C977 /* charleyrivers.jpg in Resources */,
				60E855362350036F0088C977 /* lakemcdonald.jpg in Resources */,
				60E855392350036F0088C977 /* umbagog.jpg in Resources */,
				60E855352350036F0088C977 /* chilkoottrail.jpg in Resources */,
				60E855342350036F0088C977 /* stmarylake.jpg in Resources */,
				60E855312350036F0088C977 /* twinlake.jpg in Resources */,
				602706A0234E836B002C4F6E /* Preview Assets.xcassets in Resources */,
				6027069D234E836B002C4F6E /* Assets.xcassets in Resources */,
			);
			runOnlyForDeploymentPostprocessing = 0;
		};
		602706A7234E836B002C4F6E /* Resources */ = {
			isa = PBXResourcesBuildPhase;
			buildActionMask = 2147483647;
			files = (
			);
			runOnlyForDeploymentPostprocessing = 0;
		};
		602706B2234E836B002C4F6E /* Resources */ = {
			isa = PBXResourcesBuildPhase;
			buildActionMask = 2147483647;
			files = (
			);
			runOnlyForDeploymentPostprocessing = 0;
		};
/* End PBXResourcesBuildPhase section */

/* Begin PBXSourcesBuildPhase section */
		6027068F234E8369002C4F6E /* Sources */ = {
			isa = PBXSourcesBuildPhase;
			buildActionMask = 2147483647;
			files = (
				602469E223515D2900721E53 /* HexagonParameters.swift in Sources */,
				60270697234E8369002C4F6E /* AppDelegate.swift in Sources */,
				60AFF35B235112E800DA94DC /* Badge.swift in Sources */,
				60DBA912234EC4BA00084B37 /* Data.swift in Sources */,
				6044821B2351760D00D68A7D /* HikeView.swift in Sources */,
				6029AC3D234EB58C00BF4F6E /* CircleImage.swift in Sources */,
				60DBA919234FE09E00084B37 /* LandmarkList.swift in Sources */,
				604482142351708600D68A7D /* BadgeSymbol.swift in Sources */,
				604482162351721000D68A7D /* RotatedBadgeSymbol.swift in Sources */,
				604482202351761A00D68A7D /* Hike.swift in Sources */,
				6029AC3F234EB71F00BF4F6E /* MapView.swift in Sources */,
				6044821D2351760D00D68A7D /* HikeDetail.swift in Sources */,
				6044820F23516F6D00D68A7D /* BadgeBackground.swift in Sources */,
				60448228235178C100D68A7D /* Landmark.swift in Sources */,
				60DBA8CE234EC2C400084B37 /* LandmarkDetail.swift in Sources */,
				60DBA917234FDBE700084B37 /* LandmarkRow.swift in Sources */,
				60E8553D2350070B0088C977 /* UserData.swift in Sources */,
				60270699234E8369002C4F6E /* SceneDelegate.swift in Sources */,
				6044821E2351760D00D68A7D /* GraphCapsule.swift in Sources */,
				6044821C2351760D00D68A7D /* HikeGraph.swift in Sources */,
			);
			runOnlyForDeploymentPostprocessing = 0;
		};
		602706A5234E836B002C4F6E /* Sources */ = {
			isa = PBXSourcesBuildPhase;
			buildActionMask = 2147483647;
			files = (
				602706AE234E836B002C4F6E /* LandmarksTests.swift in Sources */,
			);
			runOnlyForDeploymentPostprocessing = 0;
		};
		602706B0234E836B002C4F6E /* Sources */ = {
			isa = PBXSourcesBuildPhase;
			buildActionMask = 2147483647;
			files = (
				602706B9234E836B002C4F6E /* LandmarksUITests.swift in Sources */,
			);
			runOnlyForDeploymentPostprocessing = 0;
		};
/* End PBXSourcesBuildPhase section */

/* Begin PBXTargetDependency section */
		602706AB234E836B002C4F6E /* PBXTargetDependency */ = {
			isa = PBXTargetDependency;
			target = 60270692234E8369002C4F6E /* Landmarks */;
			targetProxy = 602706AA234E836B002C4F6E /* PBXContainerItemProxy */;
		};
		602706B6234E836B002C4F6E /* PBXTargetDependency */ = {
			isa = PBXTargetDependency;
			target = 60270692234E8369002C4F6E /* Landmarks */;
			targetProxy = 602706B5234E836B002C4F6E /* PBXContainerItemProxy */;
		};
/* End PBXTargetDependency section */

/* Begin PBXVariantGroup section */
		602706A1234E836B002C4F6E /* LaunchScreen.storyboard */ = {
			isa = PBXVariantGroup;
			children = (
				602706A2234E836B002C4F6E /* Base */,
			);
			name = LaunchScreen.storyboard;
			sourceTree = "<group>";
		};
/* End PBXVariantGroup section */

/* Begin XCBuildConfiguration section */
		602706BB234E836B002C4F6E /* Debug */ = {
			isa = XCBuildConfiguration;
			buildSettings = {
				ALWAYS_SEARCH_USER_PATHS = NO;
				CLANG_ANALYZER_NONNULL = YES;
				CLANG_ANALYZER_NUMBER_OBJECT_CONVERSION = YES_AGGRESSIVE;
				CLANG_CXX_LANGUAGE_STANDARD = "gnu++14";
				CLANG_CXX_LIBRARY = "libc++";
				CLANG_ENABLE_MODULES = YES;
				CLANG_ENABLE_OBJC_ARC = YES;
				CLANG_ENABLE_OBJC_WEAK = YES;
				CLANG_WARN_BLOCK_CAPTURE_AUTORELEASING = YES;
				CLANG_WARN_BOOL_CONVERSION = YES;
				CLANG_WARN_COMMA = YES;
				CLANG_WARN_CONSTANT_CONVERSION = YES;
				CLANG_WARN_DEPRECATED_OBJC_IMPLEMENTATIONS = YES;
				CLANG_WARN_DIRECT_OBJC_ISA_USAGE = YES_ERROR;
				CLANG_WARN_DOCUMENTATION_COMMENTS = YES;
				CLANG_WARN_EMPTY_BODY = YES;
				CLANG_WARN_ENUM_CONVERSION = YES;
				CLANG_WARN_INFINITE_RECURSION = YES;
				CLANG_WARN_INT_CONVERSION = YES;
				CLANG_WARN_NON_LITERAL_NULL_CONVERSION = YES;
				CLANG_WARN_OBJC_IMPLICIT_RETAIN_SELF = YES;
				CLANG_WARN_OBJC_LITERAL_CONVERSION = YES;
				CLANG_WARN_OBJC_ROOT_CLASS = YES_ERROR;
				CLANG_WARN_RANGE_LOOP_ANALYSIS = YES;
				CLANG_WARN_STRICT_PROTOTYPES = YES;
				CLANG_WARN_SUSPICIOUS_MOVE = YES;
				CLANG_WARN_UNGUARDED_AVAILABILITY = YES_AGGRESSIVE;
				CLANG_WARN_UNREACHABLE_CODE = YES;
				CLANG_WARN__DUPLICATE_METHOD_MATCH = YES;
				COPY_PHASE_STRIP = NO;
				DEBUG_INFORMATION_FORMAT = dwarf;
				ENABLE_STRICT_OBJC_MSGSEND = YES;
				ENABLE_TESTABILITY = YES;
				GCC_C_LANGUAGE_STANDARD = gnu11;
				GCC_DYNAMIC_NO_PIC = NO;
				GCC_NO_COMMON_BLOCKS = YES;
				GCC_OPTIMIZATION_LEVEL = 0;
				GCC_PREPROCESSOR_DEFINITIONS = (
					"DEBUG=1",
					"$(inherited)",
				);
				GCC_WARN_64_TO_32_BIT_CONVERSION = YES;
				GCC_WARN_ABOUT_RETURN_TYPE = YES_ERROR;
				GCC_WARN_UNDECLARED_SELECTOR = YES;
				GCC_WARN_UNINITIALIZED_AUTOS = YES_AGGRESSIVE;
				GCC_WARN_UNUSED_FUNCTION = YES;
				GCC_WARN_UNUSED_VARIABLE = YES;
				IPHONEOS_DEPLOYMENT_TARGET = 13.1;
				MTL_ENABLE_DEBUG_INFO = INCLUDE_SOURCE;
				MTL_FAST_MATH = YES;
				ONLY_ACTIVE_ARCH = YES;
				SDKROOT = iphoneos;
				SWIFT_ACTIVE_COMPILATION_CONDITIONS = DEBUG;
				SWIFT_OPTIMIZATION_LEVEL = "-Onone";
			};
			name = Debug;
		};
		602706BC234E836B002C4F6E /* Release */ = {
			isa = XCBuildConfiguration;
			buildSettings = {
				ALWAYS_SEARCH_USER_PATHS = NO;
				CLANG_ANALYZER_NONNULL = YES;
				CLANG_ANALYZER_NUMBER_OBJECT_CONVERSION = YES_AGGRESSIVE;
				CLANG_CXX_LANGUAGE_STANDARD = "gnu++14";
				CLANG_CXX_LIBRARY = "libc++";
				CLANG_ENABLE_MODULES = YES;
				CLANG_ENABLE_OBJC_ARC = YES;
				CLANG_ENABLE_OBJC_WEAK = YES;
				CLANG_WARN_BLOCK_CAPTURE_AUTORELEASING = YES;
				CLANG_WARN_BOOL_CONVERSION = YES;
				CLANG_WARN_COMMA = YES;
				CLANG_WARN_CONSTANT_CONVERSION = YES;
				CLANG_WARN_DEPRECATED_OBJC_IMPLEMENTATIONS = YES;
				CLANG_WARN_DIRECT_OBJC_ISA_USAGE = YES_ERROR;
				CLANG_WARN_DOCUMENTATION_COMMENTS = YES;
				CLANG_WARN_EMPTY_BODY = YES;
				CLANG_WARN_ENUM_CONVERSION = YES;
				CLANG_WARN_INFINITE_RECURSION = YES;
				CLANG_WARN_INT_CONVERSION = YES;
				CLANG_WARN_NON_LITERAL_NULL_CONVERSION = YES;
				CLANG_WARN_OBJC_IMPLICIT_RETAIN_SELF = YES;
				CLANG_WARN_OBJC_LITERAL_CONVERSION = YES;
				CLANG_WARN_OBJC_ROOT_CLASS = YES_ERROR;
				CLANG_WARN_RANGE_LOOP_ANALYSIS = YES;
				CLANG_WARN_STRICT_PROTOTYPES = YES;
				CLANG_WARN_SUSPICIOUS_MOVE = YES;
				CLANG_WARN_UNGUARDED_AVAILABILITY = YES_AGGRESSIVE;
				CLANG_WARN_UNREACHABLE_CODE = YES;
				CLANG_WARN__DUPLICATE_METHOD_MATCH = YES;
				COPY_PHASE_STRIP = NO;
				DEBUG_INFORMATION_FORMAT = "dwarf-with-dsym";
				ENABLE_NS_ASSERTIONS = NO;
				ENABLE_STRICT_OBJC_MSGSEND = YES;
				GCC_C_LANGUAGE_STANDARD = gnu11;
				GCC_NO_COMMON_BLOCKS = YES;
				GCC_WARN_64_TO_32_BIT_CONVERSION = YES;
				GCC_WARN_ABOUT_RETURN_TYPE = YES_ERROR;
				GCC_WARN_UNDECLARED_SELECTOR = YES;
				GCC_WARN_UNINITIALIZED_AUTOS = YES_AGGRESSIVE;
				GCC_WARN_UNUSED_FUNCTION = YES;
				GCC_WARN_UNUSED_VARIABLE = YES;
				IPHONEOS_DEPLOYMENT_TARGET = 13.1;
				MTL_ENABLE_DEBUG_INFO = NO;
				MTL_FAST_MATH = YES;
				SDKROOT = iphoneos;
				SWIFT_COMPILATION_MODE = wholemodule;
				SWIFT_OPTIMIZATION_LEVEL = "-O";
				VALIDATE_PRODUCT = YES;
			};
			name = Release;
		};
		602706BE234E836B002C4F6E /* Debug */ = {
			isa = XCBuildConfiguration;
			buildSettings = {
				ASSETCATALOG_COMPILER_APPICON_NAME = AppIcon;
				CODE_SIGN_STYLE = Automatic;
				DEVELOPMENT_ASSET_PATHS = "\"Landmarks/Preview Content\"";
				DEVELOPMENT_TEAM = 3C9P7PTK6N;
				ENABLE_PREVIEWS = YES;
				INFOPLIST_FILE = Landmarks/Info.plist;
				LD_RUNPATH_SEARCH_PATHS = (
					"$(inherited)",
					"@executable_path/Frameworks",
				);
				PRODUCT_BUNDLE_IDENTIFIER = com.jeremyfleshman.landmarkstutorial.Landmarks;
				PRODUCT_NAME = "$(TARGET_NAME)";
				SWIFT_VERSION = 5.0;
				TARGETED_DEVICE_FAMILY = "1,2";
			};
			name = Debug;
		};
		602706BF234E836B002C4F6E /* Release */ = {
			isa = XCBuildConfiguration;
			buildSettings = {
				ASSETCATALOG_COMPILER_APPICON_NAME = AppIcon;
				CODE_SIGN_STYLE = Automatic;
				DEVELOPMENT_ASSET_PATHS = "\"Landmarks/Preview Content\"";
				DEVELOPMENT_TEAM = 3C9P7PTK6N;
				ENABLE_PREVIEWS = YES;
				INFOPLIST_FILE = Landmarks/Info.plist;
				LD_RUNPATH_SEARCH_PATHS = (
					"$(inherited)",
					"@executable_path/Frameworks",
				);
				PRODUCT_BUNDLE_IDENTIFIER = com.jeremyfleshman.landmarkstutorial.Landmarks;
				PRODUCT_NAME = "$(TARGET_NAME)";
				SWIFT_VERSION = 5.0;
				TARGETED_DEVICE_FAMILY = "1,2";
			};
			name = Release;
		};
		602706C1234E836B002C4F6E /* Debug */ = {
			isa = XCBuildConfiguration;
			buildSettings = {
				ALWAYS_EMBED_SWIFT_STANDARD_LIBRARIES = YES;
				BUNDLE_LOADER = "$(TEST_HOST)";
				CODE_SIGN_STYLE = Automatic;
				DEVELOPMENT_TEAM = 3C9P7PTK6N;
				INFOPLIST_FILE = LandmarksTests/Info.plist;
				IPHONEOS_DEPLOYMENT_TARGET = 13.1;
				LD_RUNPATH_SEARCH_PATHS = (
					"$(inherited)",
					"@executable_path/Frameworks",
					"@loader_path/Frameworks",
				);
				PRODUCT_BUNDLE_IDENTIFIER = com.jeremyfleshman.landmarkstutorial.LandmarksTests;
				PRODUCT_NAME = "$(TARGET_NAME)";
				SWIFT_VERSION = 5.0;
				TARGETED_DEVICE_FAMILY = "1,2";
				TEST_HOST = "$(BUILT_PRODUCTS_DIR)/Landmarks.app/Landmarks";
			};
			name = Debug;
		};
		602706C2234E836B002C4F6E /* Release */ = {
			isa = XCBuildConfiguration;
			buildSettings = {
				ALWAYS_EMBED_SWIFT_STANDARD_LIBRARIES = YES;
				BUNDLE_LOADER = "$(TEST_HOST)";
				CODE_SIGN_STYLE = Automatic;
				DEVELOPMENT_TEAM = 3C9P7PTK6N;
				INFOPLIST_FILE = LandmarksTests/Info.plist;
				IPHONEOS_DEPLOYMENT_TARGET = 13.1;
				LD_RUNPATH_SEARCH_PATHS = (
					"$(inherited)",
					"@executable_path/Frameworks",
					"@loader_path/Frameworks",
				);
				PRODUCT_BUNDLE_IDENTIFIER = com.jeremyfleshman.landmarkstutorial.LandmarksTests;
				PRODUCT_NAME = "$(TARGET_NAME)";
				SWIFT_VERSION = 5.0;
				TARGETED_DEVICE_FAMILY = "1,2";
				TEST_HOST = "$(BUILT_PRODUCTS_DIR)/Landmarks.app/Landmarks";
			};
			name = Release;
		};
		602706C4234E836B002C4F6E /* Debug */ = {
			isa = XCBuildConfiguration;
			buildSettings = {
				ALWAYS_EMBED_SWIFT_STANDARD_LIBRARIES = YES;
				CODE_SIGN_STYLE = Automatic;
				DEVELOPMENT_TEAM = 3C9P7PTK6N;
				INFOPLIST_FILE = LandmarksUITests/Info.plist;
				LD_RUNPATH_SEARCH_PATHS = (
					"$(inherited)",
					"@executable_path/Frameworks",
					"@loader_path/Frameworks",
				);
				PRODUCT_BUNDLE_IDENTIFIER = com.jeremyfleshman.landmarkstutorial.LandmarksUITests;
				PRODUCT_NAME = "$(TARGET_NAME)";
				SWIFT_VERSION = 5.0;
				TARGETED_DEVICE_FAMILY = "1,2";
				TEST_TARGET_NAME = Landmarks;
			};
			name = Debug;
		};
		602706C5234E836B002C4F6E /* Release */ = {
			isa = XCBuildConfiguration;
			buildSettings = {
				ALWAYS_EMBED_SWIFT_STANDARD_LIBRARIES = YES;
				CODE_SIGN_STYLE = Automatic;
				DEVELOPMENT_TEAM = 3C9P7PTK6N;
				INFOPLIST_FILE = LandmarksUITests/Info.plist;
				LD_RUNPATH_SEARCH_PATHS = (
					"$(inherited)",
					"@executable_path/Frameworks",
					"@loader_path/Frameworks",
				);
				PRODUCT_BUNDLE_IDENTIFIER = com.jeremyfleshman.landmarkstutorial.LandmarksUITests;
				PRODUCT_NAME = "$(TARGET_NAME)";
				SWIFT_VERSION = 5.0;
				TARGETED_DEVICE_FAMILY = "1,2";
				TEST_TARGET_NAME = Landmarks;
			};
			name = Release;
		};
/* End XCBuildConfiguration section */

/* Begin XCConfigurationList section */
		6027068E234E8369002C4F6E /* Build configuration list for PBXProject "Landmarks" */ = {
			isa = XCConfigurationList;
			buildConfigurations = (
				602706BB234E836B002C4F6E /* Debug */,
				602706BC234E836B002C4F6E /* Release */,
			);
			defaultConfigurationIsVisible = 0;
			defaultConfigurationName = Release;
		};
		602706BD234E836B002C4F6E /* Build configuration list for PBXNativeTarget "Landmarks" */ = {
			isa = XCConfigurationList;
			buildConfigurations = (
				602706BE234E836B002C4F6E /* Debug */,
				602706BF234E836B002C4F6E /* Release */,
			);
			defaultConfigurationIsVisible = 0;
			defaultConfigurationName = Release;
		};
		602706C0234E836B002C4F6E /* Build configuration list for PBXNativeTarget "LandmarksTests" */ = {
			isa = XCConfigurationList;
			buildConfigurations = (
				602706C1234E836B002C4F6E /* Debug */,
				602706C2234E836B002C4F6E /* Release */,
			);
			defaultConfigurationIsVisible = 0;
			defaultConfigurationName = Release;
		};
		602706C3234E836B002C4F6E /* Build configuration list for PBXNativeTarget "LandmarksUITests" */ = {
			isa = XCConfigurationList;
			buildConfigurations = (
				602706C4234E836B002C4F6E /* Debug */,
				602706C5234E836B002C4F6E /* Release */,
			);
			defaultConfigurationIsVisible = 0;
			defaultConfigurationName = Release;
		};
/* End XCConfigurationList section */
	};
	rootObject = 6027068B234E8369002C4F6E /* Project object */;
}
